
Microsoft Visual Studio Solution File, Format Version 12.00
# Visual Studio Version 17
VisualStudioVersion = 17.5.33414.496
MinimumVisualStudioVersion = 10.0.40219.1
Project("{FAE04EC0-301F-11D3-BF4B-00C04F79EFBC}") = "TAKO_Admin", "TAKO_Admin\TAKO_Admin.csproj", "{FD3DF823-6B1A-4261-A4B5-979103BD0F51}"
EndProject
Global
	GlobalSection(SolutionConfigurationPlatforms) = preSolution
		Debug|Any CPU = Debug|Any CPU
		Release|Any CPU = Release|Any CPU
	EndGlobalSection
	GlobalSection(ProjectConfigurationPlatforms) = postSolution
		{FD3DF823-6B1A-4261-A4B5-979103BD0F51}.Debug|Any CPU.ActiveCfg = Debug|Any CPU
		{FD3DF823-6B1A-4261-A4B5-979103BD0F51}.Debug|Any CPU.Build.0 = Debug|Any CPU
		{FD3DF823-6B1A-4261-A4B5-979103BD0F51}.Release|Any CPU.ActiveCfg = Release|Any CPU
		{FD3DF823-6B1A-4261-A4B5-979103BD0F51}.Release|Any CPU.Build.0 = Release|Any CPU
	EndGlobalSection
	GlobalSection(SolutionProperties) = preSolution
		HideSolutionNode = FALSE
	EndGlobalSection
	GlobalSection(ExtensibilityGlobals) = postSolution
		SolutionGuid = {B88B385F-3012-44CC-A93E-34CDD61BD948}
	EndGlobalSection
EndGlobal
